
Microsoft Visual Studio Solution File, Format Version 12.00
# Visual Studio Version 16
VisualStudioVersion = 16.0.31515.178
MinimumVisualStudioVersion = 10.0.40219.1
Project("{9A19103F-16F7-4668-BE54-9A1E7A4F7556}") = "SharpBrain", "sharp_brain\SharpBrain.csproj", "{B0D1966A-6D01-4440-A256-5CD6F9EFA347}"
EndProject
Project("{FAE04EC0-301F-11D3-BF4B-00C04F79EFBC}") = "SharpBrainTests", "SharpBrainTests\SharpBrainTests.csproj", "{434EE7FF-3E0C-4243-9F9E-DA9FEBEA9B62}"
EndProject
Global
	GlobalSection(SolutionConfigurationPlatforms) = preSolution
		Debug|Any CPU = Debug|Any CPU
		Release|Any CPU = Release|Any CPU
	EndGlobalSection
	GlobalSection(ProjectConfigurationPlatforms) = postSolution
		{B0D1966A-6D01-4440-A256-5CD6F9EFA347}.Debug|Any CPU.ActiveCfg = Debug|Any CPU
		{B0D1966A-6D01-4440-A256-5CD6F9EFA347}.Debug|Any CPU.Build.0 = Debug|Any CPU
		{B0D1966A-6D01-4440-A256-5CD6F9EFA347}.Release|Any CPU.ActiveCfg = Release|Any CPU
		{B0D1966A-6D01-4440-A256-5CD6F9EFA347}.Release|Any CPU.Build.0 = Release|Any CPU
		{434EE7FF-3E0C-4243-9F9E-DA9FEBEA9B62}.Debug|Any CPU.ActiveCfg = Debug|Any CPU
		{434EE7FF-3E0C-4243-9F9E-DA9FEBEA9B62}.Debug|Any CPU.Build.0 = Debug|Any CPU
		{434EE7FF-3E0C-4243-9F9E-DA9FEBEA9B62}.Release|Any CPU.ActiveCfg = Release|Any CPU
		{434EE7FF-3E0C-4243-9F9E-DA9FEBEA9B62}.Release|Any CPU.Build.0 = Release|Any CPU
	EndGlobalSection
	GlobalSection(SolutionProperties) = preSolution
		HideSolutionNode = FALSE
	EndGlobalSection
	GlobalSection(ExtensibilityGlobals) = postSolution
		SolutionGuid = {C8BD80FF-2ADD-48D6-9924-14B2045AFE14}
	EndGlobalSection
EndGlobal
